
Microsoft Visual Studio Solution File, Format Version 12.00
# Visual Studio Version 16
VisualStudioVersion = 16.0.30517.126
MinimumVisualStudioVersion = 10.0.40219.1
Project("{FAE04EC0-301F-11D3-BF4B-00C04F79EFBC}") = "WelcomeToTheGame_Mod", "WelcomeToTheGame_Mod\WelcomeToTheGame_Mod.csproj", "{30CAABFD-8DA8-43A6-AA72-903867CD392D}"
EndProject
Global
	GlobalSection(SolutionConfigurationPlatforms) = preSolution
		Debug|Any CPU = Debug|Any CPU
		Release|Any CPU = Release|Any CPU
	EndGlobalSection
	GlobalSection(ProjectConfigurationPlatforms) = postSolution
		{30CAABFD-8DA8-43A6-AA72-903867CD392D}.Debug|Any CPU.ActiveCfg = Debug|Any CPU
		{30CAABFD-8DA8-43A6-AA72-903867CD392D}.Debug|Any CPU.Build.0 = Debug|Any CPU
		{30CAABFD-8DA8-43A6-AA72-903867CD392D}.Release|Any CPU.ActiveCfg = Release|Any CPU
		{30CAABFD-8DA8-43A6-AA72-903867CD392D}.Release|Any CPU.Build.0 = Release|Any CPU
	EndGlobalSection
	GlobalSection(SolutionProperties) = preSolution
		HideSolutionNode = FALSE
	EndGlobalSection
	GlobalSection(ExtensibilityGlobals) = postSolution
		SolutionGuid = {2C54905D-BF3D-47F0-B062-90E6E02FBF9E}
	EndGlobalSection
EndGlobal
